# This file is @generated by PDM.
# It is not intended for manual editing.

[[package]]
name = "asyncio"
version = "3.4.3"
summary = "reference implementation of PEP 3156"

[[package]]
name = "websockets"
version = "11.0.3"
requires_python = ">=3.7"
summary = "An implementation of the WebSocket Protocol (RFC 6455 & 7692)"

[metadata]
lock_version = "4.2"
cross_platform = true
groups = ["default"]
content_hash = "sha256:e5a39394fb0e46211b723dcf4b19aa76392291cdfab4d4b96b641e162361204f"

[metadata.files]
"asyncio 3.4.3" = [
    {url = "https://files.pythonhosted.org/packages/16/57/d80f4750c65d4449a7d628dbdfccf85b5450cd68fe14ef6abf582bf8835f/asyncio-3.4.3-cp33-none-win32.whl", hash = "sha256:b62c9157d36187eca799c378e572c969f0da87cd5fc42ca372d92cdb06e7e1de"},
    {url = "https://files.pythonhosted.org/packages/22/74/07679c5b9f98a7cb0fc147b1ef1cc1853bc07a4eb9cb5731e24732c5f773/asyncio-3.4.3-py3-none-any.whl", hash = "sha256:c4d18b22701821de07bd6aea8b53d21449ec0ec5680645e5317062ea21817d2d"},
    {url = "https://files.pythonhosted.org/packages/c4/36/24f61d04a58a589c467a88efe9daf5a0a4fcd45985eb74fba822b511caf8/asyncio-3.4.3-cp33-none-win_amd64.whl", hash = "sha256:c46a87b48213d7464f22d9a497b9eef8c1928b68320a2fa94240f969f6fec08c"},
    {url = "https://files.pythonhosted.org/packages/da/54/054bafaf2c0fb8473d423743e191fcdf49b2c1fd5e9af3524efbe097bafd/asyncio-3.4.3.tar.gz", hash = "sha256:83360ff8bc97980e4ff25c964c7bd3923d333d177aa4f7fb736b019f26c7cb41"},
]
"websockets 11.0.3" = [
    {url = "https://files.pythonhosted.org/packages/03/28/3a51ffcf51ac45746639f83128908bbb1cd212aa631e42d15a7acebce5cb/websockets-11.0.3-pp37-pypy37_pp73-manylinux_2_5_x86_64.manylinux1_x86_64.manylinux_2_17_x86_64.manylinux2014_x86_64.whl", hash = "sha256:e052b8467dd07d4943936009f46ae5ce7b908ddcac3fda581656b1b19c083d9b"},
    {url = "https://files.pythonhosted.org/packages/0a/84/68b848a373493b58615d6c10e9e8ccbaadfd540f84905421739a807704f8/websockets-11.0.3-cp311-cp311-macosx_10_9_x86_64.whl", hash = "sha256:aa5003845cdd21ac0dc6c9bf661c5beddd01116f6eb9eb3c8e272353d45b3288"},
    {url = "https://files.pythonhosted.org/packages/0f/d8/a997d3546aef9cc995a1126f7d7ade96c0e16c1a0efb9d2d430aee57c925/websockets-11.0.3-cp311-cp311-musllinux_1_1_i686.whl", hash = "sha256:619d9f06372b3a42bc29d0cd0354c9bb9fb39c2cbc1a9c5025b4538738dbffaf"},
    {url = "https://files.pythonhosted.org/packages/14/fc/5cbbf439c925e1e184a0392ec477a30cee2fabc0e63807c1d4b6d570fb52/websockets-11.0.3-cp311-cp311-musllinux_1_1_aarch64.whl", hash = "sha256:b30c6590146e53149f04e85a6e4fcae068df4289e31e4aee1fdf56a0dead8f97"},
    {url = "https://files.pythonhosted.org/packages/16/49/ae616bd221efba84a3d78737b417f704af1ffa36f40dcaba5eb954dd4753/websockets-11.0.3-cp311-cp311-macosx_10_9_universal2.whl", hash = "sha256:e848f46a58b9fcf3d06061d17be388caf70ea5b8cc3466251963c8345e13f7eb"},
    {url = "https://files.pythonhosted.org/packages/19/d3/2ea3f95d83033675144b0848a0ae2e4998b3f763da09ec3df6bce97ea4e6/websockets-11.0.3-cp37-cp37m-win32.whl", hash = "sha256:e590228200fcfc7e9109509e4d9125eace2042fd52b595dd22bbc34bb282307f"},
    {url = "https://files.pythonhosted.org/packages/1b/3d/3dc77699fa4d003f2e810c321592f80f62b81d7b78483509de72ffe581fd/websockets-11.0.3-pp39-pypy39_pp73-macosx_10_9_x86_64.whl", hash = "sha256:0ee68fe502f9031f19d495dae2c268830df2760c0524cbac5d759921ba8c8e82"},
    {url = "https://files.pythonhosted.org/packages/20/62/5c6039c4069912adb27889ddd000403a2de9e0fe6aebe439b4e6b128a6b8/websockets-11.0.3-pp38-pypy38_pp73-macosx_10_9_x86_64.whl", hash = "sha256:e6316827e3e79b7b8e7d8e3b08f4e331af91a48e794d5d8b099928b6f0b85f20"},
    {url = "https://files.pythonhosted.org/packages/25/25/48540419005d07ed2d368a7eafb44ed4f33a2691ae4c210850bf31123c4a/websockets-11.0.3-cp38-cp38-win_amd64.whl", hash = "sha256:03aae4edc0b1c68498f41a6772d80ac7c1e33c06c6ffa2ac1c27a07653e79d6f"},
    {url = "https://files.pythonhosted.org/packages/27/e9/605b0618d0864e9be7c2a78f22bff57aba9cf56b9fccde3205db9023ae22/websockets-11.0.3-pp38-pypy38_pp73-win_amd64.whl", hash = "sha256:92b2065d642bf8c0a82d59e59053dd2fdde64d4ed44efe4870fa816c1232647b"},
    {url = "https://files.pythonhosted.org/packages/30/a5/d641f2a9a4b4079cfddbb0726fc1b914be76a610aaedb45e4760899a4ce1/websockets-11.0.3-cp38-cp38-musllinux_1_1_aarch64.whl", hash = "sha256:bee9fcb41db2a23bed96c6b6ead6489702c12334ea20a297aa095ce6d31370d0"},
    {url = "https://files.pythonhosted.org/packages/32/2c/ab8ea64e9a7d8bf62a7ea7a037fb8d328d8bd46dbfe083787a9d452a148e/websockets-11.0.3-pp39-pypy39_pp73-manylinux_2_5_i686.manylinux1_i686.manylinux_2_17_i686.manylinux2014_i686.whl", hash = "sha256:b67c6f5e5a401fc56394f191f00f9b3811fe843ee93f4a70df3c389d1adf857d"},
    {url = "https://files.pythonhosted.org/packages/36/19/0da435afb26a6c47c0c045a82e414912aa2ac10de5721276a342bd9fdfee/websockets-11.0.3-cp37-cp37m-manylinux_2_5_x86_64.manylinux1_x86_64.manylinux_2_17_x86_64.manylinux2014_x86_64.whl", hash = "sha256:332d126167ddddec94597c2365537baf9ff62dfcc9db4266f263d455f2f031cb"},
    {url = "https://files.pythonhosted.org/packages/38/30/01a10fbf4cc1e7ffa07be9b0401501918fc9433d71fb7da4cfcef3bd26ca/websockets-11.0.3-pp38-pypy38_pp73-manylinux_2_17_aarch64.manylinux2014_aarch64.whl", hash = "sha256:8531fdcad636d82c517b26a448dcfe62f720e1922b33c81ce695d0edb91eb931"},
    {url = "https://files.pythonhosted.org/packages/38/ed/b8b133416536b6816e480594864e5950051db522714623eefc9e5275ec04/websockets-11.0.3-cp37-cp37m-musllinux_1_1_aarch64.whl", hash = "sha256:6505c1b31274723ccaf5f515c1824a4ad2f0d191cec942666b3d0f3aa4cb4007"},
    {url = "https://files.pythonhosted.org/packages/44/a8/66c3a66b70b01a6c55fde486298766177fa11dd0d3a2c1cfc6820f25b4dc/websockets-11.0.3-cp37-cp37m-manylinux_2_17_aarch64.manylinux2014_aarch64.whl", hash = "sha256:2529338a6ff0eb0b50c7be33dc3d0e456381157a31eefc561771ee431134a97f"},
    {url = "https://files.pythonhosted.org/packages/47/96/9d5749106ff57629b54360664ae7eb9afd8302fad1680ead385383e33746/websockets-11.0.3-py3-none-any.whl", hash = "sha256:6681ba9e7f8f3b19440921e99efbb40fc89f26cd71bf539e45d8c8a25c976dc6"},
    {url = "https://files.pythonhosted.org/packages/58/05/2efb520317340ece74bfc4d88e8f011dd71a4e6c263000bfffb71a343685/websockets-11.0.3-cp38-cp38-manylinux_2_5_x86_64.manylinux1_x86_64.manylinux_2_17_x86_64.manylinux2014_x86_64.whl", hash = "sha256:e1a99a7a71631f0efe727c10edfba09ea6bee4166a6f9c19aafb6c0b5917d09c"},
    {url = "https://files.pythonhosted.org/packages/58/0a/7570e15661a0a546c3a1152d95fe8c05480459bab36247f0acbf41f01a41/websockets-11.0.3-cp310-cp310-manylinux_2_5_x86_64.manylinux1_x86_64.manylinux_2_17_x86_64.manylinux2014_x86_64.whl", hash = "sha256:bceab846bac555aff6427d060f2fcfff71042dba6f5fca7dc4f75cac815e57ca"},
    {url = "https://files.pythonhosted.org/packages/58/68/9403771de1b1c21a2e878e4841815af8c9f8893b094654934e2a5ee4dbc8/websockets-11.0.3-cp38-cp38-win32.whl", hash = "sha256:f61bdb1df43dc9c131791fbc2355535f9024b9a04398d3bd0684fc16ab07df74"},
    {url = "https://files.pythonhosted.org/packages/66/89/799f595c67b97a8a17e13d2764e088f631616bd95668aaa4c04b7cada136/websockets-11.0.3-cp39-cp39-manylinux_2_5_i686.manylinux1_i686.manylinux_2_17_i686.manylinux2014_i686.whl", hash = "sha256:df41b9bc27c2c25b486bae7cf42fccdc52ff181c8c387bfd026624a491c2671b"},
    {url = "https://files.pythonhosted.org/packages/6b/ca/65d6986665888494eca4d5435a9741c822022996f0f4200c57ce4b9242f7/websockets-11.0.3-cp311-cp311-manylinux_2_17_aarch64.manylinux2014_aarch64.whl", hash = "sha256:660e2d9068d2bedc0912af508f30bbeb505bbbf9774d98def45f68278cea20d3"},
    {url = "https://files.pythonhosted.org/packages/70/fc/71377f36ef3049f3bc7db7c0f3a7696929d5f836d7a18777131d994192a9/websockets-11.0.3-cp37-cp37m-manylinux_2_5_i686.manylinux1_i686.manylinux_2_17_i686.manylinux2014_i686.whl", hash = "sha256:34fd59a4ac42dff6d4681d8843217137f6bc85ed29722f2f7222bd619d15e95b"},
    {url = "https://files.pythonhosted.org/packages/72/89/0d150939f2e592ed78c071d69237ac1c872462cc62a750c5f592f3d4ab18/websockets-11.0.3-cp39-cp39-musllinux_1_1_x86_64.whl", hash = "sha256:97b52894d948d2f6ea480171a27122d77af14ced35f62e5c892ca2fae9344311"},
    {url = "https://files.pythonhosted.org/packages/78/b2/df5452031b02b857851139806308f2af7c749069e25bfe15f2d559ade6e7/websockets-11.0.3-pp37-pypy37_pp73-manylinux_2_5_i686.manylinux1_i686.manylinux_2_17_i686.manylinux2014_i686.whl", hash = "sha256:0ac56b661e60edd453585f4bd68eb6a29ae25b5184fd5ba51e97652580458998"},
    {url = "https://files.pythonhosted.org/packages/82/3c/00f051abcf88aec5e952a8840076749b0b26a30c219dcae8ba70200998aa/websockets-11.0.3-cp310-cp310-musllinux_1_1_x86_64.whl", hash = "sha256:86d2a77fd490ae3ff6fae1c6ceaecad063d3cc2320b44377efdde79880e11526"},
    {url = "https://files.pythonhosted.org/packages/89/8f/707a05d5725f956c78d252a5fd73b89fa3ac57dd3959381c2d1acb41cb13/websockets-11.0.3-cp311-cp311-musllinux_1_1_x86_64.whl", hash = "sha256:01f5567d9cf6f502d655151645d4e8b72b453413d3819d2b6f1185abc23e82dd"},
    {url = "https://files.pythonhosted.org/packages/8a/77/a04d2911f6e2b9e781ce7ffc1e8516b54b85f985369eec8c853fd619d8e8/websockets-11.0.3-cp39-cp39-musllinux_1_1_i686.whl", hash = "sha256:69269f3a0b472e91125b503d3c0b3566bda26da0a3261c49f0027eb6075086d1"},
    {url = "https://files.pythonhosted.org/packages/8a/bd/a5e5973899d78d44a540f50a9e30b01c6771e8bf7883204ee762060cf95a/websockets-11.0.3-cp38-cp38-macosx_11_0_arm64.whl", hash = "sha256:4841ed00f1026dfbced6fca7d963c4e7043aa832648671b5138008dc5a8f6d99"},
    {url = "https://files.pythonhosted.org/packages/8b/97/34178f5f7c29e679372d597cebfeff2aa45991d741d938117d4616e81a74/websockets-11.0.3-pp39-pypy39_pp73-manylinux_2_5_x86_64.manylinux1_x86_64.manylinux_2_17_x86_64.manylinux2014_x86_64.whl", hash = "sha256:1d5023a4b6a5b183dc838808087033ec5df77580485fc533e7dab2567851b0a4"},
    {url = "https://files.pythonhosted.org/packages/8c/a8/e81533499f84ef6cdd95d11d5b05fa827c0f097925afd86f16e6a2631d8e/websockets-11.0.3-cp311-cp311-macosx_11_0_arm64.whl", hash = "sha256:b58cbf0697721120866820b89f93659abc31c1e876bf20d0b3d03cef14faf84d"},
    {url = "https://files.pythonhosted.org/packages/8f/7b/4d4ecd29be7d08486e38f987a6603c491296d1e33fe55127d79aebb0333e/websockets-11.0.3-cp310-cp310-win32.whl", hash = "sha256:2d903ad4419f5b472de90cd2d40384573b25da71e33519a67797de17ef849b69"},
    {url = "https://files.pythonhosted.org/packages/8f/f2/8a3eb016be19743c7eb9e67c855df0fdfa5912534ffaf83a05b62667d761/websockets-11.0.3-cp39-cp39-macosx_10_9_x86_64.whl", hash = "sha256:8c82f11964f010053e13daafdc7154ce7385ecc538989a354ccc7067fd7028fd"},
    {url = "https://files.pythonhosted.org/packages/94/8c/266155c14b7a26deca6fa4c4d5fd15b0ab32725d78a2acfcf6b24943585d/websockets-11.0.3-cp37-cp37m-win_amd64.whl", hash = "sha256:b16fff62b45eccb9c7abb18e60e7e446998093cdcb50fed33134b9b6878836de"},
    {url = "https://files.pythonhosted.org/packages/98/a7/0ed69892981351e5acf88fac0ff4c801fabca2c3bdef9fca4c7d3fde8c53/websockets-11.0.3-cp310-cp310-win_amd64.whl", hash = "sha256:1d2256283fa4b7f4c7d7d3e84dc2ece74d341bce57d5b9bf385df109c2a1a82f"},
    {url = "https://files.pythonhosted.org/packages/99/23/43071c989c0f87f612e7bccee98d00b04bddd3aca0cdc1ffaf31f6f8a4b4/websockets-11.0.3-pp38-pypy38_pp73-manylinux_2_5_i686.manylinux1_i686.manylinux_2_17_i686.manylinux2014_i686.whl", hash = "sha256:c114e8da9b475739dde229fd3bc6b05a6537a88a578358bc8eb29b4030fac9c9"},
    {url = "https://files.pythonhosted.org/packages/9a/6e/0fd7274042f46acb589161407f4b505b44c68d369437ce919bae1fa9b8c4/websockets-11.0.3-cp39-cp39-win32.whl", hash = "sha256:c7f3cb904cce8e1be667c7e6fef4516b98d1a6a0635a58a57528d577ac18a128"},
    {url = "https://files.pythonhosted.org/packages/a0/1a/3da73e69ebc00649d11ed836541c92c1a2df0b8a8aa641a2c8746e7c2b9c/websockets-11.0.3-cp39-cp39-macosx_11_0_arm64.whl", hash = "sha256:3580dd9c1ad0701169e4d6fc41e878ffe05e6bdcaf3c412f9d559389d0c9e016"},
    {url = "https://files.pythonhosted.org/packages/a0/39/acc3d4b15c5207ef7cca823c37eca8c74e3e1a1a63a397798986be3bdef7/websockets-11.0.3-cp38-cp38-manylinux_2_5_i686.manylinux1_i686.manylinux_2_17_i686.manylinux2014_i686.whl", hash = "sha256:68b977f21ce443d6d378dbd5ca38621755f2063d6fdb3335bda981d552cfff86"},
    {url = "https://files.pythonhosted.org/packages/a6/1b/5c83c40f8d3efaf0bb2fdf05af94fb920f74842b7aaf31d7598e3ee44d58/websockets-11.0.3-pp39-pypy39_pp73-manylinux_2_17_aarch64.manylinux2014_aarch64.whl", hash = "sha256:dcacf2c7a6c3a84e720d1bb2b543c675bf6c40e460300b628bab1b1efc7c034c"},
    {url = "https://files.pythonhosted.org/packages/a6/9c/2356ecb952fd3992b73f7a897d65e57d784a69b94bb8d8fd5f97531e5c02/websockets-11.0.3-cp39-cp39-manylinux_2_5_x86_64.manylinux1_x86_64.manylinux_2_17_x86_64.manylinux2014_x86_64.whl", hash = "sha256:279e5de4671e79a9ac877427f4ac4ce93751b8823f276b681d04b2156713b9dd"},
    {url = "https://files.pythonhosted.org/packages/a7/8c/7100e9cf310fe1d83d1ae1322203f4eb2b767a7c2b301c1e70db6270306f/websockets-11.0.3-pp37-pypy37_pp73-manylinux_2_17_aarch64.manylinux2014_aarch64.whl", hash = "sha256:de36fe9c02995c7e6ae6efe2e205816f5f00c22fd1fbf343d4d18c3d5ceac2f5"},
    {url = "https://files.pythonhosted.org/packages/a7/f7/1e852351e8073c32885172a6bef64c95d14c13ff3634b01d4a1086321491/websockets-11.0.3-cp37-cp37m-musllinux_1_1_x86_64.whl", hash = "sha256:9d9acd80072abcc98bd2c86c3c9cd4ac2347b5a5a0cae7ed5c0ee5675f86d9af"},
    {url = "https://files.pythonhosted.org/packages/a9/5e/b25c60067d700e811dccb4e3c318eeadd3a19d8b3620de9f97434af777a7/websockets-11.0.3-cp311-cp311-manylinux_2_5_x86_64.manylinux1_x86_64.manylinux_2_17_x86_64.manylinux2014_x86_64.whl", hash = "sha256:def07915168ac8f7853812cc593c71185a16216e9e4fa886358a17ed0fd9fcf6"},
    {url = "https://files.pythonhosted.org/packages/b2/ec/56bdd12d847e4fc2d0a7ba2d7f1476f79cda50599d11ffb6080b86f21ef1/websockets-11.0.3-cp310-cp310-manylinux_2_17_aarch64.manylinux2014_aarch64.whl", hash = "sha256:ffd7dcaf744f25f82190856bc26ed81721508fc5cbf2a330751e135ff1283564"},
    {url = "https://files.pythonhosted.org/packages/b5/94/ac47552208583d5dbcce468430c1eb2ae18962f6b3a694a2b7727cc60d4a/websockets-11.0.3-cp311-cp311-win32.whl", hash = "sha256:e1459677e5d12be8bbc7584c35b992eea142911a6236a3278b9b5ce3326f282c"},
    {url = "https://files.pythonhosted.org/packages/b5/a8/8900184ab0b06b6e620ba7e92cf2faa5caa9ba86e148541b8fff1c7b6646/websockets-11.0.3-cp37-cp37m-macosx_10_9_x86_64.whl", hash = "sha256:9f59a3c656fef341a99e3d63189852be7084c0e54b75734cde571182c087b152"},
    {url = "https://files.pythonhosted.org/packages/b6/96/0d586c25d043aeab9457dad8e407251e3baf314d871215f91847e7b995c4/websockets-11.0.3-pp38-pypy38_pp73-manylinux_2_5_x86_64.manylinux1_x86_64.manylinux_2_17_x86_64.manylinux2014_x86_64.whl", hash = "sha256:e063b1865974611313a3849d43f2c3f5368093691349cf3c7c8f8f75ad7cb280"},
    {url = "https://files.pythonhosted.org/packages/b9/6b/26b28115b46e23e74ede76d95792eedfe8c58b21f4daabfff1e9f159c8fe/websockets-11.0.3-cp310-cp310-macosx_10_9_x86_64.whl", hash = "sha256:d67ac60a307f760c6e65dad586f556dde58e683fab03323221a4e530ead6f74d"},
    {url = "https://files.pythonhosted.org/packages/ba/6c/5c0322b2875e8395e6bf0eff11f43f3e25da7ef5b12f4d908cd3a19ea841/websockets-11.0.3-cp310-cp310-musllinux_1_1_aarch64.whl", hash = "sha256:54c6e5b3d3a8936a4ab6870d46bdd6ec500ad62bde9e44462c32d18f1e9a8e54"},
    {url = "https://files.pythonhosted.org/packages/c0/21/cb9dfbbea8dc0ad89ced52630e7e61edb425fb9fdc6002f8d0c5dd26b94b/websockets-11.0.3-cp39-cp39-macosx_10_9_universal2.whl", hash = "sha256:777354ee16f02f643a4c7f2b3eff8027a33c9861edc691a2003531f5da4f6bc8"},
    {url = "https://files.pythonhosted.org/packages/c0/a8/a8a582ebeeecc8b5f332997d44c57e241748f8a9856e06a38a5a13b30796/websockets-11.0.3-cp311-cp311-manylinux_2_5_i686.manylinux1_i686.manylinux_2_17_i686.manylinux2014_i686.whl", hash = "sha256:c1f0524f203e3bd35149f12157438f406eff2e4fb30f71221c8a5eceb3617b6b"},
    {url = "https://files.pythonhosted.org/packages/c4/5b/60eccd7e9703bbe93fc4167d1e7ada7e8e8e51544122198d63fd8e3460b7/websockets-11.0.3-cp38-cp38-macosx_10_9_universal2.whl", hash = "sha256:fb06eea71a00a7af0ae6aefbb932fb8a7df3cb390cc217d51a9ad7343de1b8d0"},
    {url = "https://files.pythonhosted.org/packages/c4/f5/15998b164c183af0513bba744b51ecb08d396ff86c0db3b55d62624d1f15/websockets-11.0.3-cp39-cp39-musllinux_1_1_aarch64.whl", hash = "sha256:1fdf26fa8a6a592f8f9235285b8affa72748dc12e964a5518c6c5e8f916716f7"},
    {url = "https://files.pythonhosted.org/packages/c6/91/f36454b87edf10a95be9c7212d2dcb8c606ddbf7a183afdc498933acdd19/websockets-11.0.3-cp38-cp38-musllinux_1_1_x86_64.whl", hash = "sha256:1553cb82942b2a74dd9b15a018dce645d4e68674de2ca31ff13ebc2d9f283788"},
    {url = "https://files.pythonhosted.org/packages/c9/fb/ae5ed4be3514287cf8f6c348c87e1392a6e3f4d6eadae75c18847a2f84b6/websockets-11.0.3-cp310-cp310-manylinux_2_5_i686.manylinux1_i686.manylinux_2_17_i686.manylinux2014_i686.whl", hash = "sha256:7622a89d696fc87af8e8d280d9b421db5133ef5b29d3f7a1ce9f1a7bf7fcfa11"},
    {url = "https://files.pythonhosted.org/packages/ca/20/25211be61d50189650fb0ec6084b6d6339f5c7c6436a6c217608dcb553e4/websockets-11.0.3-cp38-cp38-musllinux_1_1_i686.whl", hash = "sha256:4b253869ea05a5a073ebfdcb5cb3b0266a57c3764cf6fe114e4cd90f4bfa5f5e"},
    {url = "https://files.pythonhosted.org/packages/d1/ec/7e2b9bebc2e9b4a48404144106bbc6a7ace781feeb0e6a3829551e725fa5/websockets-11.0.3-cp38-cp38-macosx_10_9_x86_64.whl", hash = "sha256:8a34e13a62a59c871064dfd8ffb150867e54291e46d4a7cf11d02c94a5275bae"},
    {url = "https://files.pythonhosted.org/packages/d8/3b/2ed38e52eed4cf277f9df5f0463a99199a04d9e29c9e227cfafa57bd3993/websockets-11.0.3.tar.gz", hash = "sha256:88fc51d9a26b10fc331be344f1781224a375b78488fc343620184e95a4b27016"},
    {url = "https://files.pythonhosted.org/packages/d9/36/5741e62ccf629c8e38cc20f930491f8a33ce7dba972cae93dba3d6f02552/websockets-11.0.3-cp39-cp39-manylinux_2_17_aarch64.manylinux2014_aarch64.whl", hash = "sha256:6f1a3f10f836fab6ca6efa97bb952300b20ae56b409414ca85bff2ad241d2a61"},
    {url = "https://files.pythonhosted.org/packages/de/0e/d7274e4d41d7b34f204744c27a23707be2ecefaf6f7df2145655f086ecd7/websockets-11.0.3-cp310-cp310-musllinux_1_1_i686.whl", hash = "sha256:41f696ba95cd92dc047e46b41b26dd24518384749ed0d99bea0a941ca87404c4"},
    {url = "https://files.pythonhosted.org/packages/e1/76/88640f8aeac7eb0d058b913e7bb72682f8d569db44c7d30e576ec4777ce1/websockets-11.0.3-cp310-cp310-macosx_10_9_universal2.whl", hash = "sha256:3ccc8a0c387629aec40f2fc9fdcb4b9d5431954f934da3eaf16cdc94f67dbfac"},
    {url = "https://files.pythonhosted.org/packages/e1/7c/0ad6e7ef0a054d73092f616d20d3d9bd3e1b837554cb20a52d8dd9f5b049/websockets-11.0.3-cp311-cp311-win_amd64.whl", hash = "sha256:e7837cb169eca3b3ae94cc5787c4fed99eef74c0ab9506756eea335e0d6f3ed8"},
    {url = "https://files.pythonhosted.org/packages/e2/2f/3ad8ac4a9dc9d685e098e534180a36ed68fe2e85e82e225e00daec86bb94/websockets-11.0.3-pp37-pypy37_pp73-macosx_10_9_x86_64.whl", hash = "sha256:f2e58f2c36cc52d41f2659e4c0cbf7353e28c8c9e63e30d8c6d3494dc9fdedcf"},
    {url = "https://files.pythonhosted.org/packages/e9/26/1dfaa81788f61c485b4d65f1b28a19615e39f9c45100dce5e2cbf5ad1352/websockets-11.0.3-cp37-cp37m-musllinux_1_1_i686.whl", hash = "sha256:f467ba0050b7de85016b43f5a22b46383ef004c4f672148a8abf32bc999a87f0"},
    {url = "https://files.pythonhosted.org/packages/eb/fb/2af7fc3ce2c3f1378d48a15802b4ff2caf6c0dfac13291e73c557caf04f7/websockets-11.0.3-pp37-pypy37_pp73-win_amd64.whl", hash = "sha256:42cc5452a54a8e46a032521d7365da775823e21bfba2895fb7b77633cce031bb"},
    {url = "https://files.pythonhosted.org/packages/ec/3f/0c5cae14e9e86401105833383405787ae4caddd476a8fc5561259253dab7/websockets-11.0.3-cp38-cp38-manylinux_2_17_aarch64.manylinux2014_aarch64.whl", hash = "sha256:1a073fc9ab1c8aff37c99f11f1641e16da517770e31a37265d2755282a5d28aa"},
    {url = "https://files.pythonhosted.org/packages/ed/45/466944e00b324ae3a1fddb305b4abf641f582e131548f07bcd970971b154/websockets-11.0.3-pp39-pypy39_pp73-win_amd64.whl", hash = "sha256:ed058398f55163a79bb9f06a90ef9ccc063b204bb346c4de78efc5d15abfe602"},
    {url = "https://files.pythonhosted.org/packages/f3/82/2d1f3395d47fab65fa8b801e2251b324300ed8db54753b6fb7919cef0c11/websockets-11.0.3-cp310-cp310-macosx_11_0_arm64.whl", hash = "sha256:84d27a4832cc1a0ee07cdcf2b0629a8a72db73f4cf6de6f0904f6661227f256f"},
    {url = "https://files.pythonhosted.org/packages/f4/3f/65dfa50084a06ab0a05f3ca74195c2c17a1c075b8361327d831ccce0a483/websockets-11.0.3-cp39-cp39-win_amd64.whl", hash = "sha256:c792ea4eabc0159535608fc5658a74d1a81020eb35195dd63214dcf07556f67e"},
]
